
Microsoft Visual Studio Solution File, Format Version 12.00
# Visual Studio 15
VisualStudioVersion = 15.0.26730.16
MinimumVisualStudioVersion = 10.0.40219.1
Project("{2150E333-8FDC-42A3-9474-1A3956D46DE8}") = "01 API", "01 API", "{5E1DF182-905B-4E6C-851D-1F45C0F93587}"
EndProject
Project("{2150E333-8FDC-42A3-9474-1A3956D46DE8}") = "02 Service", "02 Service", "{08B5B5D4-F6FA-4D0A-815A-E92FADF1F88B}"
EndProject
Project("{2150E333-8FDC-42A3-9474-1A3956D46DE8}") = "03 Repository", "03 Repository", "{97F7B36A-C5A5-403D-B320-FDC47CB0233E}"
EndProject
Project("{2150E333-8FDC-42A3-9474-1A3956D46DE8}") = "04 Model", "04 Model", "{D3321115-9E6A-4FA3-A9C4-8F5340F4C51D}"
EndProject
Project("{FAE04EC0-301F-11D3-BF4B-00C04F79EFBC}") = "OLMS.BackEnd.API", "OLMS.BackEnd.API\OLMS.BackEnd.API.csproj", "{85E64FD2-B660-43C9-ABBC-3930575CCAC6}"
EndProject
Project("{FAE04EC0-301F-11D3-BF4B-00C04F79EFBC}") = "OLMS.BackEnd.Service", "OLMS.BackEnd.Service\OLMS.BackEnd.Service.csproj", "{77C1CDFD-CFCB-46DE-8E63-168560796FE0}"
EndProject
Project("{FAE04EC0-301F-11D3-BF4B-00C04F79EFBC}") = "OLMS.BackEnd.Repository", "OLMS.BackEnd.Repository\OLMS.BackEnd.Repository.csproj", "{C9AC14ED-E03A-49EF-A14F-4DE0EBE539B9}"
EndProject
Project("{FAE04EC0-301F-11D3-BF4B-00C04F79EFBC}") = "OLMS.BackEnd.Model", "OLMS.BackEnd.Model\OLMS.BackEnd.Model.csproj", "{58EA2036-F1B2-4F10-8CCB-021AF3412F8F}"
EndProject
Project("{FAE04EC0-301F-11D3-BF4B-00C04F79EFBC}") = "OLMS.BackEnd.ViewModel", "OLMS.BackEnd.ViewModel\OLMS.BackEnd.ViewModel.csproj", "{4FD5E648-E213-4FA0-8F06-A69B63F6AD3D}"
EndProject
Project("{FAE04EC0-301F-11D3-BF4B-00C04F79EFBC}") = "OLMS.BackEnd.RequestModel", "OLMS.BackEnd.RequestModel\OLMS.BackEnd.RequestModel.csproj", "{4BAEAC20-5F00-45DE-A694-5CD0DBAC086C}"
EndProject
Global
	GlobalSection(SolutionConfigurationPlatforms) = preSolution
		Debug|Any CPU = Debug|Any CPU
		Release|Any CPU = Release|Any CPU
	EndGlobalSection
	GlobalSection(ProjectConfigurationPlatforms) = postSolution
		{85E64FD2-B660-43C9-ABBC-3930575CCAC6}.Debug|Any CPU.ActiveCfg = Debug|Any CPU
		{85E64FD2-B660-43C9-ABBC-3930575CCAC6}.Debug|Any CPU.Build.0 = Debug|Any CPU
		{85E64FD2-B660-43C9-ABBC-3930575CCAC6}.Release|Any CPU.ActiveCfg = Release|Any CPU
		{85E64FD2-B660-43C9-ABBC-3930575CCAC6}.Release|Any CPU.Build.0 = Release|Any CPU
		{77C1CDFD-CFCB-46DE-8E63-168560796FE0}.Debug|Any CPU.ActiveCfg = Debug|Any CPU
		{77C1CDFD-CFCB-46DE-8E63-168560796FE0}.Debug|Any CPU.Build.0 = Debug|Any CPU
		{77C1CDFD-CFCB-46DE-8E63-168560796FE0}.Release|Any CPU.ActiveCfg = Release|Any CPU
		{77C1CDFD-CFCB-46DE-8E63-168560796FE0}.Release|Any CPU.Build.0 = Release|Any CPU
		{C9AC14ED-E03A-49EF-A14F-4DE0EBE539B9}.Debug|Any CPU.ActiveCfg = Debug|Any CPU
		{C9AC14ED-E03A-49EF-A14F-4DE0EBE539B9}.Debug|Any CPU.Build.0 = Debug|Any CPU
		{C9AC14ED-E03A-49EF-A14F-4DE0EBE539B9}.Release|Any CPU.ActiveCfg = Release|Any CPU
		{C9AC14ED-E03A-49EF-A14F-4DE0EBE539B9}.Release|Any CPU.Build.0 = Release|Any CPU
		{58EA2036-F1B2-4F10-8CCB-021AF3412F8F}.Debug|Any CPU.ActiveCfg = Debug|Any CPU
		{58EA2036-F1B2-4F10-8CCB-021AF3412F8F}.Debug|Any CPU.Build.0 = Debug|Any CPU
		{58EA2036-F1B2-4F10-8CCB-021AF3412F8F}.Release|Any CPU.ActiveCfg = Release|Any CPU
		{58EA2036-F1B2-4F10-8CCB-021AF3412F8F}.Release|Any CPU.Build.0 = Release|Any CPU
		{4FD5E648-E213-4FA0-8F06-A69B63F6AD3D}.Debug|Any CPU.ActiveCfg = Debug|Any CPU
		{4FD5E648-E213-4FA0-8F06-A69B63F6AD3D}.Debug|Any CPU.Build.0 = Debug|Any CPU
		{4FD5E648-E213-4FA0-8F06-A69B63F6AD3D}.Release|Any CPU.ActiveCfg = Release|Any CPU
		{4FD5E648-E213-4FA0-8F06-A69B63F6AD3D}.Release|Any CPU.Build.0 = Release|Any CPU
		{4BAEAC20-5F00-45DE-A694-5CD0DBAC086C}.Debug|Any CPU.ActiveCfg = Debug|Any CPU
		{4BAEAC20-5F00-45DE-A694-5CD0DBAC086C}.Debug|Any CPU.Build.0 = Debug|Any CPU
		{4BAEAC20-5F00-45DE-A694-5CD0DBAC086C}.Release|Any CPU.ActiveCfg = Release|Any CPU
		{4BAEAC20-5F00-45DE-A694-5CD0DBAC086C}.Release|Any CPU.Build.0 = Release|Any CPU
	EndGlobalSection
	GlobalSection(SolutionProperties) = preSolution
		HideSolutionNode = FALSE
	EndGlobalSection
	GlobalSection(NestedProjects) = preSolution
		{85E64FD2-B660-43C9-ABBC-3930575CCAC6} = {5E1DF182-905B-4E6C-851D-1F45C0F93587}
		{77C1CDFD-CFCB-46DE-8E63-168560796FE0} = {08B5B5D4-F6FA-4D0A-815A-E92FADF1F88B}
		{C9AC14ED-E03A-49EF-A14F-4DE0EBE539B9} = {97F7B36A-C5A5-403D-B320-FDC47CB0233E}
		{58EA2036-F1B2-4F10-8CCB-021AF3412F8F} = {D3321115-9E6A-4FA3-A9C4-8F5340F4C51D}
		{4FD5E648-E213-4FA0-8F06-A69B63F6AD3D} = {D3321115-9E6A-4FA3-A9C4-8F5340F4C51D}
		{4BAEAC20-5F00-45DE-A694-5CD0DBAC086C} = {D3321115-9E6A-4FA3-A9C4-8F5340F4C51D}
	EndGlobalSection
	GlobalSection(ExtensibilityGlobals) = postSolution
		SolutionGuid = {15966397-0D94-4504-9C0F-AA08788FDD2A}
	EndGlobalSection
EndGlobal
